
Microsoft Visual Studio Solution File, Format Version 12.00
# Visual Studio Version 17
VisualStudioVersion = 17.9.34728.123
MinimumVisualStudioVersion = 10.0.40219.1
Project("{9A19103F-16F7-4668-BE54-9A1E7A4F7556}") = "PaylocityApiTests", "PaylocityAutomation\PaylocityApiTests.csproj", "{8B534F38-78CB-4553-B91A-DC3F12F676FF}"
EndProject
Project("{9A19103F-16F7-4668-BE54-9A1E7A4F7556}") = "PaylocityUITests", "PaylocityUITests\PaylocityUITests.csproj", "{08C64E00-7723-41CE-820C-953F279722CD}"
EndProject
Project("{2150E333-8FDC-42A3-9474-1A3956D46DE8}") = "Solution Items", "Solution Items", "{FD2FC649-5273-4B94-8F54-8F61C4E29FB6}"
	ProjectSection(SolutionItems) = preProject
		README.txt = README.txt
	EndProjectSection
EndProject
Global
	GlobalSection(SolutionConfigurationPlatforms) = preSolution
		Debug|Any CPU = Debug|Any CPU
		Release|Any CPU = Release|Any CPU
	EndGlobalSection
	GlobalSection(ProjectConfigurationPlatforms) = postSolution
		{8B534F38-78CB-4553-B91A-DC3F12F676FF}.Debug|Any CPU.ActiveCfg = Debug|Any CPU
		{8B534F38-78CB-4553-B91A-DC3F12F676FF}.Debug|Any CPU.Build.0 = Debug|Any CPU
		{8B534F38-78CB-4553-B91A-DC3F12F676FF}.Release|Any CPU.ActiveCfg = Release|Any CPU
		{8B534F38-78CB-4553-B91A-DC3F12F676FF}.Release|Any CPU.Build.0 = Release|Any CPU
		{08C64E00-7723-41CE-820C-953F279722CD}.Debug|Any CPU.ActiveCfg = Debug|Any CPU
		{08C64E00-7723-41CE-820C-953F279722CD}.Debug|Any CPU.Build.0 = Debug|Any CPU
		{08C64E00-7723-41CE-820C-953F279722CD}.Release|Any CPU.ActiveCfg = Release|Any CPU
		{08C64E00-7723-41CE-820C-953F279722CD}.Release|Any CPU.Build.0 = Release|Any CPU
	EndGlobalSection
	GlobalSection(SolutionProperties) = preSolution
		HideSolutionNode = FALSE
	EndGlobalSection
	GlobalSection(ExtensibilityGlobals) = postSolution
		SolutionGuid = {05EB3213-033A-43C0-93FE-D935FC82A474}
	EndGlobalSection
EndGlobal
